
Microsoft Visual Studio Solution File, Format Version 12.00
# Visual Studio Version 16
VisualStudioVersion = 16.0.30413.136
MinimumVisualStudioVersion = 10.0.40219.1
Project("{FAE04EC0-301F-11D3-BF4B-00C04F79EFBC}") = "YourAmongusSpecialSpy", "YourAmongusSpecialSpy\YourAmongusSpecialSpy.csproj", "{074D43A8-DFB0-43CE-B574-3DCF4571563E}"
EndProject
Global
	GlobalSection(SolutionConfigurationPlatforms) = preSolution
		Debug|Any CPU = Debug|Any CPU
		Release|Any CPU = Release|Any CPU
	EndGlobalSection
	GlobalSection(ProjectConfigurationPlatforms) = postSolution
		{074D43A8-DFB0-43CE-B574-3DCF4571563E}.Debug|Any CPU.ActiveCfg = Debug|Any CPU
		{074D43A8-DFB0-43CE-B574-3DCF4571563E}.Debug|Any CPU.Build.0 = Debug|Any CPU
		{074D43A8-DFB0-43CE-B574-3DCF4571563E}.Release|Any CPU.ActiveCfg = Release|Any CPU
		{074D43A8-DFB0-43CE-B574-3DCF4571563E}.Release|Any CPU.Build.0 = Release|Any CPU
	EndGlobalSection
	GlobalSection(SolutionProperties) = preSolution
		HideSolutionNode = FALSE
	EndGlobalSection
	GlobalSection(ExtensibilityGlobals) = postSolution
		SolutionGuid = {ACB6826E-84FF-46E1-82E8-27368555E19F}
	EndGlobalSection
EndGlobal
